// !$*UTF8*$!
{
	archiveVersion = 1;
	classes = {
	};
	objectVersion = 46;
	objects = {

/* Begin PBXBuildFile section */
		871FA6B91E7D6E62009E7336 /* main.m in Sources */ = {isa = PBXBuildFile; fileRef = 871FA6B81E7D6E62009E7336 /* main.m */; };
		871FA6C11E7D6E8C009E7336 /* Fraction.m in Sources */ = {isa = PBXBuildFile; fileRef = 871FA6C01E7D6E8C009E7336 /* Fraction.m */; };
/* End PBXBuildFile section */

/* Begin PBXCopyFilesBuildPhase section */
		871FA6B31E7D6E62009E7336 /* CopyFiles */ = {
			isa = PBXCopyFilesBuildPhase;
			buildActionMask = 2147483647;
			dstPath = /usr/share/man/man1/;
			dstSubfolderSpec = 0;
			files = (
			);
			runOnlyForDeploymentPostprocessing = 1;
		};
/* End PBXCopyFilesBuildPhase section */

/* Begin PBXFileReference section */
		871FA6B51E7D6E62009E7336 /* Lesson02 - Fraction */ = {isa = PBXFileReference; explicitFileType = "compiled.mach-o.executable"; includeInIndex = 0; path = "Lesson02 - Fraction"; sourceTree = BUILT_PRODUCTS_DIR; };
		871FA6B81E7D6E62009E7336 /* main.m */ = {isa = PBXFileReference; lastKnownFileType = sourcecode.c.objc; path = main.m; sourceTree = "<group>"; };
		871FA6BF1E7D6E79009E7336 /* Fraction.h */ = {isa = PBXFileReference; lastKnownFileType = sourcecode.c.h; path = Fraction.h; sourceTree = "<group>"; };
		871FA6C01E7D6E8C009E7336 /* Fraction.m */ = {isa = PBXFileReference; fileEncoding = 4; lastKnownFileType = sourcecode.c.objc; path = Fraction.m; sourceTree = "<group>"; };
/* End PBXFileReference section */

/* Begin PBXFrameworksBuildPhase section */
		871FA6B21E7D6E62009E7336 /* Frameworks */ = {
			isa = PBXFrameworksBuildPhase;
			buildActionMask = 2147483647;
			files = (
			);
			runOnlyForDeploymentPostprocessing = 0;
		};
/* End PBXFrameworksBuildPhase section */

/* Begin PBXGroup section */
		871FA6AC1E7D6E62009E7336 = {
			isa = PBXGroup;
			children = (
				871FA6B71E7D6E62009E7336 /* Lesson02 - Fraction */,
				871FA6B61E7D6E62009E7336 /* Products */,
			);
			sourceTree = "<group>";
		};
		871FA6B61E7D6E62009E7336 /* Products */ = {
			isa = PBXGroup;
			children = (
				871FA6B51E7D6E62009E7336 /* Lesson02 - Fraction */,
			);
			name = Products;
			sourceTree = "<group>";
		};
		871FA6B71E7D6E62009E7336 /* Lesson02 - Fraction */ = {
			isa = PBXGroup;
			children = (
				871FA6B81E7D6E62009E7336 /* main.m */,
				871FA6BF1E7D6E79009E7336 /* Fraction.h */,
				871FA6C01E7D6E8C009E7336 /* Fraction.m */,
			);
			path = "Lesson02 - Fraction";
			sourceTree = "<group>";
		};
/* End PBXGroup section */

/* Begin PBXNativeTarget section */
		871FA6B41E7D6E62009E7336 /* Lesson02 - Fraction */ = {
			isa = PBXNativeTarget;
			buildConfigurationList = 871FA6BC1E7D6E62009E7336 /* Build configuration list for PBXNativeTarget "Lesson02 - Fraction" */;
			buildPhases = (
				871FA6B11E7D6E62009E7336 /* Sources */,
				871FA6B21E7D6E62009E7336 /* Frameworks */,
				871FA6B31E7D6E62009E7336 /* CopyFiles */,
			);
			buildRules = (
			);
			dependencies = (
			);
			name = "Lesson02 - Fraction";
			productName = "Lesson02 - Fraction";
			productReference = 871FA6B51E7D6E62009E7336 /* Lesson02 - Fraction */;
			productType = "com.apple.product-type.tool";
		};
/* End PBXNativeTarget section */

/* Begin PBXProject section */
		871FA6AD1E7D6E62009E7336 /* Project object */ = {
			isa = PBXProject;
			attributes = {
				LastUpgradeCheck = 0820;
				ORGANIZATIONNAME = Juda;
				TargetAttributes = {
					871FA6B41E7D6E62009E7336 = {
						CreatedOnToolsVersion = 8.2.1;
						ProvisioningStyle = Automatic;
					};
				};
			};
			buildConfigurationList = 871FA6B01E7D6E62009E7336 /* Build configuration list for PBXProject "Lesson02 - Fraction" */;
			compatibilityVersion = "Xcode 3.2";
			developmentRegion = English;
			hasScannedForEncodings = 0;
			knownRegions = (
				en,
			);
			mainGroup = 871FA6AC1E7D6E62009E7336;
			productRefGroup = 871FA6B61E7D6E62009E7336 /* Products */;
			projectDirPath = "";
			projectRoot = "";
			targets = (
				871FA6B41E7D6E62009E7336 /* Lesson02 - Fraction */,
			);
		};
/* End PBXProject section */

/* Begin PBXSourcesBuildPhase section */
		871FA6B11E7D6E62009E7336 /* Sources */ = {
			isa = PBXSourcesBuildPhase;
			buildActionMask = 2147483647;
			files = (
				871FA6B91E7D6E62009E7336 /* main.m in Sources */,
				871FA6C11E7D6E8C009E7336 /* Fraction.m in Sources */,
			);
			runOnlyForDeploymentPostprocessing = 0;
		};
/* End PBXSourcesBuildPhase section */

/* Begin XCBuildConfiguration section */
		871FA6BA1E7D6E62009E7336 /* Debug */ = {
			isa = XCBuildConfiguration;
			buildSettings = {
				ALWAYS_SEARCH_USER_PATHS = NO;
				CLANG_ANALYZER_NONNULL = YES;
				CLANG_CXX_LANGUAGE_STANDARD = "gnu++0x";
				CLANG_CXX_LIBRARY = "libc++";
				CLANG_ENABLE_MODULES = YES;
				CLANG_ENABLE_OBJC_ARC = YES;
				CLANG_WARN_BOOL_CONVERSION = YES;
				CLANG_WARN_CONSTANT_CONVERSION = YES;
				CLANG_WARN_DIRECT_OBJC_ISA_USAGE = YES_ERROR;
				CLANG_WARN_DOCUMENTATION_COMMENTS = YES;
				CLANG_WARN_EMPTY_BODY = YES;
				CLANG_WARN_ENUM_CONVERSION = YES;
				CLANG_WARN_INFINITE_RECURSION = YES;
				CLANG_WARN_INT_CONVERSION = YES;
				CLANG_WARN_OBJC_ROOT_CLASS = YES_ERROR;
				CLANG_WARN_SUSPICIOUS_MOVE = YES;
				CLANG_WARN_UNREACHABLE_CODE = YES;
				CLANG_WARN__DUPLICATE_METHOD_MATCH = YES;
				CODE_SIGN_IDENTITY = "-";
				COPY_PHASE_STRIP = NO;
				DEBUG_INFORMATION_FORMAT = dwarf;
				ENABLE_STRICT_OBJC_MSGSEND = YES;
				ENABLE_TESTABILITY = YES;
				GCC_C_LANGUAGE_STANDARD = gnu99;
				GCC_DYNAMIC_NO_PIC = NO;
				GCC_NO_COMMON_BLOCKS = YES;
				GCC_OPTIMIZATION_LEVEL = 0;
				GCC_PREPROCESSOR_DEFINITIONS = (
					"DEBUG=1",
					"$(inherited)",
				);
				GCC_WARN_64_TO_32_BIT_CONVERSION = YES;
				GCC_WARN_ABOUT_RETURN_TYPE = YES_ERROR;
				GCC_WARN_UNDECLARED_SELECTOR = YES;
				GCC_WARN_UNINITIALIZED_AUTOS = YES_AGGRESSIVE;
				GCC_WARN_UNUSED_FUNCTION = YES;
				GCC_WARN_UNUSED_VARIABLE = YES;
				MACOSX_DEPLOYMENT_TARGET = 10.12;
				MTL_ENABLE_DEBUG_INFO = YES;
				ONLY_ACTIVE_ARCH = YES;
				SDKROOT = macosx;
			};
			name = Debug;
		};
		871FA6BB1E7D6E62009E7336 /* Release */ = {
			isa = XCBuildConfiguration;
			buildSettings = {
				ALWAYS_SEARCH_USER_PATHS = NO;
				CLANG_ANALYZER_NONNULL = YES;
				CLANG_CXX_LANGUAGE_STANDARD = "gnu++0x";
				CLANG_CXX_LIBRARY = "libc++";
				CLANG_ENABLE_MODULES = YES;
				CLANG_ENABLE_OBJC_ARC = YES;
				CLANG_WARN_BOOL_CONVERSION = YES;
				CLANG_WARN_CONSTANT_CONVERSION = YES;
				CLANG_WARN_DIRECT_OBJC_ISA_USAGE = YES_ERROR;
				CLANG_WARN_DOCUMENTATION_COMMENTS = YES;
				CLANG_WARN_EMPTY_BODY = YES;
				CLANG_WARN_ENUM_CONVERSION = YES;
				CLANG_WARN_INFINITE_RECURSION = YES;
				CLANG_WARN_INT_CONVERSION = YES;
				CLANG_WARN_OBJC_ROOT_CLASS = YES_ERROR;
				CLANG_WARN_SUSPICIOUS_MOVE = YES;
				CLANG_WARN_UNREACHABLE_CODE = YES;
				CLANG_WARN__DUPLICATE_METHOD_MATCH = YES;
				CODE_SIGN_IDENTITY = "-";
				COPY_PHASE_STRIP = NO;
				DEBUG_INFORMATION_FORMAT = "dwarf-with-dsym";
				ENABLE_NS_ASSERTIONS = NO;
				ENABLE_STRICT_OBJC_MSGSEND = YES;
				GCC_C_LANGUAGE_STANDARD = gnu99;
				GCC_NO_COMMON_BLOCKS = YES;
				GCC_WARN_64_TO_32_BIT_CONVERSION = YES;
				GCC_WARN_ABOUT_RETURN_TYPE = YES_ERROR;
				GCC_WARN_UNDECLARED_SELECTOR = YES;
				GCC_WARN_UNINITIALIZED_AUTOS = YES_AGGRESSIVE;
				GCC_WARN_UNUSED_FUNCTION = YES;
				GCC_WARN_UNUSED_VARIABLE = YES;
				MACOSX_DEPLOYMENT_TARGET = 10.12;
				MTL_ENABLE_DEBUG_INFO = NO;
				SDKROOT = macosx;
			};
			name = Release;
		};
		871FA6BD1E7D6E62009E7336 /* Debug */ = {
			isa = XCBuildConfiguration;
			buildSettings = {
				PRODUCT_NAME = "$(TARGET_NAME)";
			};
			name = Debug;
		};
		871FA6BE1E7D6E62009E7336 /* Release */ = {
			isa = XCBuildConfiguration;
			buildSettings = {
				PRODUCT_NAME = "$(TARGET_NAME)";
			};
			name = Release;
		};
/* End XCBuildConfiguration section */

/* Begin XCConfigurationList section */
		871FA6B01E7D6E62009E7336 /* Build configuration list for PBXProject "Lesson02 - Fraction" */ = {
			isa = XCConfigurationList;
			buildConfigurations = (
				871FA6BA1E7D6E62009E7336 /* Debug */,
				871FA6BB1E7D6E62009E7336 /* Release */,
			);
			defaultConfigurationIsVisible = 0;
			defaultConfigurationName = Release;
		};
		871FA6BC1E7D6E62009E7336 /* Build configuration list for PBXNativeTarget "Lesson02 - Fraction" */ = {
			isa = XCConfigurationList;
			buildConfigurations = (
				871FA6BD1E7D6E62009E7336 /* Debug */,
				871FA6BE1E7D6E62009E7336 /* Release */,
			);
			defaultConfigurationIsVisible = 0;
		};
/* End XCConfigurationList section */
	};
	rootObject = 871FA6AD1E7D6E62009E7336 /* Project object */;
}
