// !$*UTF8*$!
{
	archiveVersion = 1;
	classes = {
	};
	objectVersion = 46;
	objects = {

/* Begin PBXBuildFile section */
		875AABE51E8FC3020027727B /* main.m in Sources */ = {isa = PBXBuildFile; fileRef = 875AABE41E8FC3020027727B /* main.m */; };
		875AABED1E8FC35D0027727B /* Button.m in Sources */ = {isa = PBXBuildFile; fileRef = 875AABEC1E8FC35D0027727B /* Button.m */; };
		875AABEF1E8FC3780027727B /* Button2.m in Sources */ = {isa = PBXBuildFile; fileRef = 875AABEE1E8FC3780027727B /* Button2.m */; };
/* End PBXBuildFile section */

/* Begin PBXCopyFilesBuildPhase section */
		875AABDF1E8FC3020027727B /* CopyFiles */ = {
			isa = PBXCopyFilesBuildPhase;
			buildActionMask = 2147483647;
			dstPath = /usr/share/man/man1/;
			dstSubfolderSpec = 0;
			files = (
			);
			runOnlyForDeploymentPostprocessing = 1;
		};
/* End PBXCopyFilesBuildPhase section */

/* Begin PBXFileReference section */
		875AABE11E8FC3020027727B /* Button Protocol HW */ = {isa = PBXFileReference; explicitFileType = "compiled.mach-o.executable"; includeInIndex = 0; path = "Button Protocol HW"; sourceTree = BUILT_PRODUCTS_DIR; };
		875AABE41E8FC3020027727B /* main.m */ = {isa = PBXFileReference; lastKnownFileType = sourcecode.c.objc; path = main.m; sourceTree = "<group>"; };
		875AABEB1E8FC3460027727B /* Button.h */ = {isa = PBXFileReference; lastKnownFileType = sourcecode.c.h; path = Button.h; sourceTree = "<group>"; };
		875AABEC1E8FC35D0027727B /* Button.m */ = {isa = PBXFileReference; fileEncoding = 4; lastKnownFileType = sourcecode.c.objc; path = Button.m; sourceTree = "<group>"; };
		875AABEE1E8FC3780027727B /* Button2.m */ = {isa = PBXFileReference; fileEncoding = 4; lastKnownFileType = sourcecode.c.objc; path = Button2.m; sourceTree = "<group>"; };
		875AABF01E8FC3860027727B /* Button2.h */ = {isa = PBXFileReference; lastKnownFileType = sourcecode.c.h; path = Button2.h; sourceTree = "<group>"; };
/* End PBXFileReference section */

/* Begin PBXFrameworksBuildPhase section */
		875AABDE1E8FC3020027727B /* Frameworks */ = {
			isa = PBXFrameworksBuildPhase;
			buildActionMask = 2147483647;
			files = (
			);
			runOnlyForDeploymentPostprocessing = 0;
		};
/* End PBXFrameworksBuildPhase section */

/* Begin PBXGroup section */
		875AABD81E8FC3020027727B = {
			isa = PBXGroup;
			children = (
				875AABE31E8FC3020027727B /* Button Protocol HW */,
				875AABE21E8FC3020027727B /* Products */,
			);
			sourceTree = "<group>";
		};
		875AABE21E8FC3020027727B /* Products */ = {
			isa = PBXGroup;
			children = (
				875AABE11E8FC3020027727B /* Button Protocol HW */,
			);
			name = Products;
			sourceTree = "<group>";
		};
		875AABE31E8FC3020027727B /* Button Protocol HW */ = {
			isa = PBXGroup;
			children = (
				875AABE41E8FC3020027727B /* main.m */,
				875AABEB1E8FC3460027727B /* Button.h */,
				875AABEC1E8FC35D0027727B /* Button.m */,
				875AABF01E8FC3860027727B /* Button2.h */,
				875AABEE1E8FC3780027727B /* Button2.m */,
			);
			path = "Button Protocol HW";
			sourceTree = "<group>";
		};
/* End PBXGroup section */

/* Begin PBXNativeTarget section */
		875AABE01E8FC3020027727B /* Button Protocol HW */ = {
			isa = PBXNativeTarget;
			buildConfigurationList = 875AABE81E8FC3020027727B /* Build configuration list for PBXNativeTarget "Button Protocol HW" */;
			buildPhases = (
				875AABDD1E8FC3020027727B /* Sources */,
				875AABDE1E8FC3020027727B /* Frameworks */,
				875AABDF1E8FC3020027727B /* CopyFiles */,
			);
			buildRules = (
			);
			dependencies = (
			);
			name = "Button Protocol HW";
			productName = "Button Protocol HW";
			productReference = 875AABE11E8FC3020027727B /* Button Protocol HW */;
			productType = "com.apple.product-type.tool";
		};
/* End PBXNativeTarget section */

/* Begin PBXProject section */
		875AABD91E8FC3020027727B /* Project object */ = {
			isa = PBXProject;
			attributes = {
				LastUpgradeCheck = 0820;
				ORGANIZATIONNAME = Juda;
				TargetAttributes = {
					875AABE01E8FC3020027727B = {
						CreatedOnToolsVersion = 8.2.1;
						ProvisioningStyle = Automatic;
					};
				};
			};
			buildConfigurationList = 875AABDC1E8FC3020027727B /* Build configuration list for PBXProject "Button Protocol HW" */;
			compatibilityVersion = "Xcode 3.2";
			developmentRegion = English;
			hasScannedForEncodings = 0;
			knownRegions = (
				en,
			);
			mainGroup = 875AABD81E8FC3020027727B;
			productRefGroup = 875AABE21E8FC3020027727B /* Products */;
			projectDirPath = "";
			projectRoot = "";
			targets = (
				875AABE01E8FC3020027727B /* Button Protocol HW */,
			);
		};
/* End PBXProject section */

/* Begin PBXSourcesBuildPhase section */
		875AABDD1E8FC3020027727B /* Sources */ = {
			isa = PBXSourcesBuildPhase;
			buildActionMask = 2147483647;
			files = (
				875AABEF1E8FC3780027727B /* Button2.m in Sources */,
				875AABE51E8FC3020027727B /* main.m in Sources */,
				875AABED1E8FC35D0027727B /* Button.m in Sources */,
			);
			runOnlyForDeploymentPostprocessing = 0;
		};
/* End PBXSourcesBuildPhase section */

/* Begin XCBuildConfiguration section */
		875AABE61E8FC3020027727B /* Debug */ = {
			isa = XCBuildConfiguration;
			buildSettings = {
				ALWAYS_SEARCH_USER_PATHS = NO;
				CLANG_ANALYZER_NONNULL = YES;
				CLANG_CXX_LANGUAGE_STANDARD = "gnu++0x";
				CLANG_CXX_LIBRARY = "libc++";
				CLANG_ENABLE_MODULES = YES;
				CLANG_ENABLE_OBJC_ARC = YES;
				CLANG_WARN_BOOL_CONVERSION = YES;
				CLANG_WARN_CONSTANT_CONVERSION = YES;
				CLANG_WARN_DIRECT_OBJC_ISA_USAGE = YES_ERROR;
				CLANG_WARN_DOCUMENTATION_COMMENTS = YES;
				CLANG_WARN_EMPTY_BODY = YES;
				CLANG_WARN_ENUM_CONVERSION = YES;
				CLANG_WARN_INFINITE_RECURSION = YES;
				CLANG_WARN_INT_CONVERSION = YES;
				CLANG_WARN_OBJC_ROOT_CLASS = YES_ERROR;
				CLANG_WARN_SUSPICIOUS_MOVE = YES;
				CLANG_WARN_UNREACHABLE_CODE = YES;
				CLANG_WARN__DUPLICATE_METHOD_MATCH = YES;
				CODE_SIGN_IDENTITY = "-";
				COPY_PHASE_STRIP = NO;
				DEBUG_INFORMATION_FORMAT = dwarf;
				ENABLE_STRICT_OBJC_MSGSEND = YES;
				ENABLE_TESTABILITY = YES;
				GCC_C_LANGUAGE_STANDARD = gnu99;
				GCC_DYNAMIC_NO_PIC = NO;
				GCC_NO_COMMON_BLOCKS = YES;
				GCC_OPTIMIZATION_LEVEL = 0;
				GCC_PREPROCESSOR_DEFINITIONS = (
					"DEBUG=1",
					"$(inherited)",
				);
				GCC_WARN_64_TO_32_BIT_CONVERSION = YES;
				GCC_WARN_ABOUT_RETURN_TYPE = YES_ERROR;
				GCC_WARN_UNDECLARED_SELECTOR = YES;
				GCC_WARN_UNINITIALIZED_AUTOS = YES_AGGRESSIVE;
				GCC_WARN_UNUSED_FUNCTION = YES;
				GCC_WARN_UNUSED_VARIABLE = YES;
				MACOSX_DEPLOYMENT_TARGET = 10.12;
				MTL_ENABLE_DEBUG_INFO = YES;
				ONLY_ACTIVE_ARCH = YES;
				SDKROOT = macosx;
			};
			name = Debug;
		};
		875AABE71E8FC3020027727B /* Release */ = {
			isa = XCBuildConfiguration;
			buildSettings = {
				ALWAYS_SEARCH_USER_PATHS = NO;
				CLANG_ANALYZER_NONNULL = YES;
				CLANG_CXX_LANGUAGE_STANDARD = "gnu++0x";
				CLANG_CXX_LIBRARY = "libc++";
				CLANG_ENABLE_MODULES = YES;
				CLANG_ENABLE_OBJC_ARC = YES;
				CLANG_WARN_BOOL_CONVERSION = YES;
				CLANG_WARN_CONSTANT_CONVERSION = YES;
				CLANG_WARN_DIRECT_OBJC_ISA_USAGE = YES_ERROR;
				CLANG_WARN_DOCUMENTATION_COMMENTS = YES;
				CLANG_WARN_EMPTY_BODY = YES;
				CLANG_WARN_ENUM_CONVERSION = YES;
				CLANG_WARN_INFINITE_RECURSION = YES;
				CLANG_WARN_INT_CONVERSION = YES;
				CLANG_WARN_OBJC_ROOT_CLASS = YES_ERROR;
				CLANG_WARN_SUSPICIOUS_MOVE = YES;
				CLANG_WARN_UNREACHABLE_CODE = YES;
				CLANG_WARN__DUPLICATE_METHOD_MATCH = YES;
				CODE_SIGN_IDENTITY = "-";
				COPY_PHASE_STRIP = NO;
				DEBUG_INFORMATION_FORMAT = "dwarf-with-dsym";
				ENABLE_NS_ASSERTIONS = NO;
				ENABLE_STRICT_OBJC_MSGSEND = YES;
				GCC_C_LANGUAGE_STANDARD = gnu99;
				GCC_NO_COMMON_BLOCKS = YES;
				GCC_WARN_64_TO_32_BIT_CONVERSION = YES;
				GCC_WARN_ABOUT_RETURN_TYPE = YES_ERROR;
				GCC_WARN_UNDECLARED_SELECTOR = YES;
				GCC_WARN_UNINITIALIZED_AUTOS = YES_AGGRESSIVE;
				GCC_WARN_UNUSED_FUNCTION = YES;
				GCC_WARN_UNUSED_VARIABLE = YES;
				MACOSX_DEPLOYMENT_TARGET = 10.12;
				MTL_ENABLE_DEBUG_INFO = NO;
				SDKROOT = macosx;
			};
			name = Release;
		};
		875AABE91E8FC3020027727B /* Debug */ = {
			isa = XCBuildConfiguration;
			buildSettings = {
				PRODUCT_NAME = "$(TARGET_NAME)";
			};
			name = Debug;
		};
		875AABEA1E8FC3020027727B /* Release */ = {
			isa = XCBuildConfiguration;
			buildSettings = {
				PRODUCT_NAME = "$(TARGET_NAME)";
			};
			name = Release;
		};
/* End XCBuildConfiguration section */

/* Begin XCConfigurationList section */
		875AABDC1E8FC3020027727B /* Build configuration list for PBXProject "Button Protocol HW" */ = {
			isa = XCConfigurationList;
			buildConfigurations = (
				875AABE61E8FC3020027727B /* Debug */,
				875AABE71E8FC3020027727B /* Release */,
			);
			defaultConfigurationIsVisible = 0;
			defaultConfigurationName = Release;
		};
		875AABE81E8FC3020027727B /* Build configuration list for PBXNativeTarget "Button Protocol HW" */ = {
			isa = XCConfigurationList;
			buildConfigurations = (
				875AABE91E8FC3020027727B /* Debug */,
				875AABEA1E8FC3020027727B /* Release */,
			);
			defaultConfigurationIsVisible = 0;
		};
/* End XCConfigurationList section */
	};
	rootObject = 875AABD91E8FC3020027727B /* Project object */;
}
