// !$*UTF8*$!
{
	archiveVersion = 1;
	classes = {
	};
	objectVersion = 46;
	objects = {

/* Begin PBXBuildFile section */
		879E51D81E819B76001BDB1C /* main.m in Sources */ = {isa = PBXBuildFile; fileRef = 879E51D71E819B76001BDB1C /* main.m */; };
		879E51E01E81A24B001BDB1C /* Rectangle.m in Sources */ = {isa = PBXBuildFile; fileRef = 879E51DF1E81A24B001BDB1C /* Rectangle.m */; };
		879E51E31E81A274001BDB1C /* Square.m in Sources */ = {isa = PBXBuildFile; fileRef = 879E51E21E81A274001BDB1C /* Square.m */; };
		879E51E61E81A292001BDB1C /* XYPoint.m in Sources */ = {isa = PBXBuildFile; fileRef = 879E51E51E81A292001BDB1C /* XYPoint.m */; };
/* End PBXBuildFile section */

/* Begin PBXCopyFilesBuildPhase section */
		879E51D21E819B75001BDB1C /* CopyFiles */ = {
			isa = PBXCopyFilesBuildPhase;
			buildActionMask = 2147483647;
			dstPath = /usr/share/man/man1/;
			dstSubfolderSpec = 0;
			files = (
			);
			runOnlyForDeploymentPostprocessing = 1;
		};
/* End PBXCopyFilesBuildPhase section */

/* Begin PBXFileReference section */
		879E51D41E819B76001BDB1C /* Lesson03 - Inheritance */ = {isa = PBXFileReference; explicitFileType = "compiled.mach-o.executable"; includeInIndex = 0; path = "Lesson03 - Inheritance"; sourceTree = BUILT_PRODUCTS_DIR; };
		879E51D71E819B76001BDB1C /* main.m */ = {isa = PBXFileReference; lastKnownFileType = sourcecode.c.objc; path = main.m; sourceTree = "<group>"; };
		879E51DE1E81A23A001BDB1C /* Rectangle.h */ = {isa = PBXFileReference; lastKnownFileType = sourcecode.c.h; path = Rectangle.h; sourceTree = "<group>"; };
		879E51DF1E81A24B001BDB1C /* Rectangle.m */ = {isa = PBXFileReference; fileEncoding = 4; lastKnownFileType = sourcecode.c.objc; path = Rectangle.m; sourceTree = "<group>"; };
		879E51E11E81A265001BDB1C /* Square.h */ = {isa = PBXFileReference; lastKnownFileType = sourcecode.c.h; path = Square.h; sourceTree = "<group>"; };
		879E51E21E81A274001BDB1C /* Square.m */ = {isa = PBXFileReference; fileEncoding = 4; lastKnownFileType = sourcecode.c.objc; path = Square.m; sourceTree = "<group>"; };
		879E51E41E81A282001BDB1C /* XYPoint.h */ = {isa = PBXFileReference; lastKnownFileType = sourcecode.c.h; path = XYPoint.h; sourceTree = "<group>"; };
		879E51E51E81A292001BDB1C /* XYPoint.m */ = {isa = PBXFileReference; fileEncoding = 4; lastKnownFileType = sourcecode.c.objc; path = XYPoint.m; sourceTree = "<group>"; };
/* End PBXFileReference section */

/* Begin PBXFrameworksBuildPhase section */
		879E51D11E819B75001BDB1C /* Frameworks */ = {
			isa = PBXFrameworksBuildPhase;
			buildActionMask = 2147483647;
			files = (
			);
			runOnlyForDeploymentPostprocessing = 0;
		};
/* End PBXFrameworksBuildPhase section */

/* Begin PBXGroup section */
		879E51CB1E819B75001BDB1C = {
			isa = PBXGroup;
			children = (
				879E51D61E819B76001BDB1C /* Lesson03 - Inheritance */,
				879E51D51E819B76001BDB1C /* Products */,
			);
			sourceTree = "<group>";
		};
		879E51D51E819B76001BDB1C /* Products */ = {
			isa = PBXGroup;
			children = (
				879E51D41E819B76001BDB1C /* Lesson03 - Inheritance */,
			);
			name = Products;
			sourceTree = "<group>";
		};
		879E51D61E819B76001BDB1C /* Lesson03 - Inheritance */ = {
			isa = PBXGroup;
			children = (
				879E51D71E819B76001BDB1C /* main.m */,
				879E51DE1E81A23A001BDB1C /* Rectangle.h */,
				879E51DF1E81A24B001BDB1C /* Rectangle.m */,
				879E51E11E81A265001BDB1C /* Square.h */,
				879E51E21E81A274001BDB1C /* Square.m */,
				879E51E41E81A282001BDB1C /* XYPoint.h */,
				879E51E51E81A292001BDB1C /* XYPoint.m */,
			);
			path = "Lesson03 - Inheritance";
			sourceTree = "<group>";
		};
/* End PBXGroup section */

/* Begin PBXNativeTarget section */
		879E51D31E819B75001BDB1C /* Lesson03 - Inheritance */ = {
			isa = PBXNativeTarget;
			buildConfigurationList = 879E51DB1E819B76001BDB1C /* Build configuration list for PBXNativeTarget "Lesson03 - Inheritance" */;
			buildPhases = (
				879E51D01E819B75001BDB1C /* Sources */,
				879E51D11E819B75001BDB1C /* Frameworks */,
				879E51D21E819B75001BDB1C /* CopyFiles */,
			);
			buildRules = (
			);
			dependencies = (
			);
			name = "Lesson03 - Inheritance";
			productName = "Lesson03 - Inheritance";
			productReference = 879E51D41E819B76001BDB1C /* Lesson03 - Inheritance */;
			productType = "com.apple.product-type.tool";
		};
/* End PBXNativeTarget section */

/* Begin PBXProject section */
		879E51CC1E819B75001BDB1C /* Project object */ = {
			isa = PBXProject;
			attributes = {
				LastUpgradeCheck = 0820;
				ORGANIZATIONNAME = Juda;
				TargetAttributes = {
					879E51D31E819B75001BDB1C = {
						CreatedOnToolsVersion = 8.2.1;
						ProvisioningStyle = Automatic;
					};
				};
			};
			buildConfigurationList = 879E51CF1E819B75001BDB1C /* Build configuration list for PBXProject "Lesson03 - Inheritance" */;
			compatibilityVersion = "Xcode 3.2";
			developmentRegion = English;
			hasScannedForEncodings = 0;
			knownRegions = (
				en,
			);
			mainGroup = 879E51CB1E819B75001BDB1C;
			productRefGroup = 879E51D51E819B76001BDB1C /* Products */;
			projectDirPath = "";
			projectRoot = "";
			targets = (
				879E51D31E819B75001BDB1C /* Lesson03 - Inheritance */,
			);
		};
/* End PBXProject section */

/* Begin PBXSourcesBuildPhase section */
		879E51D01E819B75001BDB1C /* Sources */ = {
			isa = PBXSourcesBuildPhase;
			buildActionMask = 2147483647;
			files = (
				879E51E31E81A274001BDB1C /* Square.m in Sources */,
				879E51D81E819B76001BDB1C /* main.m in Sources */,
				879E51E01E81A24B001BDB1C /* Rectangle.m in Sources */,
				879E51E61E81A292001BDB1C /* XYPoint.m in Sources */,
			);
			runOnlyForDeploymentPostprocessing = 0;
		};
/* End PBXSourcesBuildPhase section */

/* Begin XCBuildConfiguration section */
		879E51D91E819B76001BDB1C /* Debug */ = {
			isa = XCBuildConfiguration;
			buildSettings = {
				ALWAYS_SEARCH_USER_PATHS = NO;
				CLANG_ANALYZER_NONNULL = YES;
				CLANG_CXX_LANGUAGE_STANDARD = "gnu++0x";
				CLANG_CXX_LIBRARY = "libc++";
				CLANG_ENABLE_MODULES = YES;
				CLANG_ENABLE_OBJC_ARC = YES;
				CLANG_WARN_BOOL_CONVERSION = YES;
				CLANG_WARN_CONSTANT_CONVERSION = YES;
				CLANG_WARN_DIRECT_OBJC_ISA_USAGE = YES_ERROR;
				CLANG_WARN_DOCUMENTATION_COMMENTS = YES;
				CLANG_WARN_EMPTY_BODY = YES;
				CLANG_WARN_ENUM_CONVERSION = YES;
				CLANG_WARN_INFINITE_RECURSION = YES;
				CLANG_WARN_INT_CONVERSION = YES;
				CLANG_WARN_OBJC_ROOT_CLASS = YES_ERROR;
				CLANG_WARN_SUSPICIOUS_MOVE = YES;
				CLANG_WARN_UNREACHABLE_CODE = YES;
				CLANG_WARN__DUPLICATE_METHOD_MATCH = YES;
				CODE_SIGN_IDENTITY = "-";
				COPY_PHASE_STRIP = NO;
				DEBUG_INFORMATION_FORMAT = dwarf;
				ENABLE_STRICT_OBJC_MSGSEND = YES;
				ENABLE_TESTABILITY = YES;
				GCC_C_LANGUAGE_STANDARD = gnu99;
				GCC_DYNAMIC_NO_PIC = NO;
				GCC_NO_COMMON_BLOCKS = YES;
				GCC_OPTIMIZATION_LEVEL = 0;
				GCC_PREPROCESSOR_DEFINITIONS = (
					"DEBUG=1",
					"$(inherited)",
				);
				GCC_WARN_64_TO_32_BIT_CONVERSION = YES;
				GCC_WARN_ABOUT_RETURN_TYPE = YES_ERROR;
				GCC_WARN_UNDECLARED_SELECTOR = YES;
				GCC_WARN_UNINITIALIZED_AUTOS = YES_AGGRESSIVE;
				GCC_WARN_UNUSED_FUNCTION = YES;
				GCC_WARN_UNUSED_VARIABLE = YES;
				MACOSX_DEPLOYMENT_TARGET = 10.12;
				MTL_ENABLE_DEBUG_INFO = YES;
				ONLY_ACTIVE_ARCH = YES;
				SDKROOT = macosx;
			};
			name = Debug;
		};
		879E51DA1E819B76001BDB1C /* Release */ = {
			isa = XCBuildConfiguration;
			buildSettings = {
				ALWAYS_SEARCH_USER_PATHS = NO;
				CLANG_ANALYZER_NONNULL = YES;
				CLANG_CXX_LANGUAGE_STANDARD = "gnu++0x";
				CLANG_CXX_LIBRARY = "libc++";
				CLANG_ENABLE_MODULES = YES;
				CLANG_ENABLE_OBJC_ARC = YES;
				CLANG_WARN_BOOL_CONVERSION = YES;
				CLANG_WARN_CONSTANT_CONVERSION = YES;
				CLANG_WARN_DIRECT_OBJC_ISA_USAGE = YES_ERROR;
				CLANG_WARN_DOCUMENTATION_COMMENTS = YES;
				CLANG_WARN_EMPTY_BODY = YES;
				CLANG_WARN_ENUM_CONVERSION = YES;
				CLANG_WARN_INFINITE_RECURSION = YES;
				CLANG_WARN_INT_CONVERSION = YES;
				CLANG_WARN_OBJC_ROOT_CLASS = YES_ERROR;
				CLANG_WARN_SUSPICIOUS_MOVE = YES;
				CLANG_WARN_UNREACHABLE_CODE = YES;
				CLANG_WARN__DUPLICATE_METHOD_MATCH = YES;
				CODE_SIGN_IDENTITY = "-";
				COPY_PHASE_STRIP = NO;
				DEBUG_INFORMATION_FORMAT = "dwarf-with-dsym";
				ENABLE_NS_ASSERTIONS = NO;
				ENABLE_STRICT_OBJC_MSGSEND = YES;
				GCC_C_LANGUAGE_STANDARD = gnu99;
				GCC_NO_COMMON_BLOCKS = YES;
				GCC_WARN_64_TO_32_BIT_CONVERSION = YES;
				GCC_WARN_ABOUT_RETURN_TYPE = YES_ERROR;
				GCC_WARN_UNDECLARED_SELECTOR = YES;
				GCC_WARN_UNINITIALIZED_AUTOS = YES_AGGRESSIVE;
				GCC_WARN_UNUSED_FUNCTION = YES;
				GCC_WARN_UNUSED_VARIABLE = YES;
				MACOSX_DEPLOYMENT_TARGET = 10.12;
				MTL_ENABLE_DEBUG_INFO = NO;
				SDKROOT = macosx;
			};
			name = Release;
		};
		879E51DC1E819B76001BDB1C /* Debug */ = {
			isa = XCBuildConfiguration;
			buildSettings = {
				PRODUCT_NAME = "$(TARGET_NAME)";
			};
			name = Debug;
		};
		879E51DD1E819B76001BDB1C /* Release */ = {
			isa = XCBuildConfiguration;
			buildSettings = {
				PRODUCT_NAME = "$(TARGET_NAME)";
			};
			name = Release;
		};
/* End XCBuildConfiguration section */

/* Begin XCConfigurationList section */
		879E51CF1E819B75001BDB1C /* Build configuration list for PBXProject "Lesson03 - Inheritance" */ = {
			isa = XCConfigurationList;
			buildConfigurations = (
				879E51D91E819B76001BDB1C /* Debug */,
				879E51DA1E819B76001BDB1C /* Release */,
			);
			defaultConfigurationIsVisible = 0;
			defaultConfigurationName = Release;
		};
		879E51DB1E819B76001BDB1C /* Build configuration list for PBXNativeTarget "Lesson03 - Inheritance" */ = {
			isa = XCConfigurationList;
			buildConfigurations = (
				879E51DC1E819B76001BDB1C /* Debug */,
				879E51DD1E819B76001BDB1C /* Release */,
			);
			defaultConfigurationIsVisible = 0;
		};
/* End XCConfigurationList section */
	};
	rootObject = 879E51CC1E819B75001BDB1C /* Project object */;
}
